
Microsoft Visual Studio Solution File, Format Version 12.00
# Visual Studio 15
Project("{FAE04EC0-301F-11D3-BF4B-00C04F79EFBC}") = "ShapesRuntime", "ShapesRuntime.csproj", "{54A4571A-59E3-5F09-7BA9-D1F84EED5709}"
EndProject
Project("{FAE04EC0-301F-11D3-BF4B-00C04F79EFBC}") = "ShapesSamples", "ShapesSamples.csproj", "{5D317176-8AAF-7DDE-744C-DDA4E0197380}"
EndProject
Project("{FAE04EC0-301F-11D3-BF4B-00C04F79EFBC}") = "Unity.XR.Interaction.Toolkit.Samples.StarterAssets", "Unity.XR.Interaction.Toolkit.Samples.StarterAssets.csproj", "{0CAA7C71-5BD0-CDC2-AABF-A2CA79353472}"
EndProject
Project("{FAE04EC0-301F-11D3-BF4B-00C04F79EFBC}") = "Assembly-CSharp", "Assembly-CSharp.csproj", "{DEE51C56-D0BB-4FE1-A2F7-3D9E45405AA6}"
EndProject
Project("{FAE04EC0-301F-11D3-BF4B-00C04F79EFBC}") = "TobiiXRSDK", "TobiiXRSDK.csproj", "{46237153-D1C8-F791-9B3E-34401415CE10}"
EndProject
Project("{FAE04EC0-301F-11D3-BF4B-00C04F79EFBC}") = "TobiiXRCore", "TobiiXRCore.csproj", "{99714E04-1615-27F1-1F87-0DE04CE40B77}"
EndProject
Project("{FAE04EC0-301F-11D3-BF4B-00C04F79EFBC}") = "TobiiXRDevTools", "TobiiXRDevTools.csproj", "{F0A71E11-EB7F-8834-BE5B-D9A4D77AAD3F}"
EndProject
Project("{FAE04EC0-301F-11D3-BF4B-00C04F79EFBC}") = "TobiiXRG2OM", "TobiiXRG2OM.csproj", "{5B767A63-EF67-6880-AF59-533C4E660287}"
EndProject
Project("{FAE04EC0-301F-11D3-BF4B-00C04F79EFBC}") = "PICO.Platform", "PICO.Platform.csproj", "{B6E433A9-4773-241B-5E8D-2825E26947D1}"
EndProject
Project("{FAE04EC0-301F-11D3-BF4B-00C04F79EFBC}") = "Unity.XR.PICO", "Unity.XR.PICO.csproj", "{33506FC4-4F3A-CAEB-0D72-9A9B1250870E}"
EndProject
Project("{FAE04EC0-301F-11D3-BF4B-00C04F79EFBC}") = "PICO.TobSupport", "PICO.TobSupport.csproj", "{E8C1676A-79D2-4C78-5106-A3C508806473}"
EndProject
Project("{FAE04EC0-301F-11D3-BF4B-00C04F79EFBC}") = "Pico.Spatializer", "Pico.Spatializer.csproj", "{FE9168BC-25A7-22A5-9881-2E7E78396FF9}"
EndProject
Project("{FAE04EC0-301F-11D3-BF4B-00C04F79EFBC}") = "Pico.Spatializer.Example", "Pico.Spatializer.Example.csproj", "{C90318E1-CE2F-EF7C-B365-57D38B3235B1}"
EndProject
Project("{FAE04EC0-301F-11D3-BF4B-00C04F79EFBC}") = "ShapesEditor", "ShapesEditor.csproj", "{3A660B83-2912-18CD-9195-BA133B109097}"
EndProject
Project("{FAE04EC0-301F-11D3-BF4B-00C04F79EFBC}") = "Unity.XR.Interaction.Toolkit.Samples.StarterAssets.Editor", "Unity.XR.Interaction.Toolkit.Samples.StarterAssets.Editor.csproj", "{05FF1591-EB86-ACED-411D-377588F126E5}"
EndProject
Project("{FAE04EC0-301F-11D3-BF4B-00C04F79EFBC}") = "TobiiXRInternalEditor", "TobiiXRInternalEditor.csproj", "{ED70898A-9D7D-FC69-55C8-66B559B9EB75}"
EndProject
Project("{FAE04EC0-301F-11D3-BF4B-00C04F79EFBC}") = "TobiiXREditor", "TobiiXREditor.csproj", "{A52DA263-84A8-F08F-35B6-A0C6A811919C}"
EndProject
Project("{FAE04EC0-301F-11D3-BF4B-00C04F79EFBC}") = "GazeModifierEditor", "GazeModifierEditor.csproj", "{ABD90E1D-AD17-33A7-807C-0F41F2B6441B}"
EndProject
Project("{FAE04EC0-301F-11D3-BF4B-00C04F79EFBC}") = "Pico.Spatializer.Editor", "Pico.Spatializer.Editor.csproj", "{0A0E7488-6ED9-E1FB-8276-5A87B519F9A2}"
EndProject
Project("{FAE04EC0-301F-11D3-BF4B-00C04F79EFBC}") = "PICO.Platform.Editor", "PICO.Platform.Editor.csproj", "{005FFBFB-92F2-BD1C-0F3B-77F23FA849B9}"
EndProject
Project("{FAE04EC0-301F-11D3-BF4B-00C04F79EFBC}") = "Unity.XR.PICO.Editor", "Unity.XR.PICO.Editor.csproj", "{2BB4D7E3-7313-D347-1BBD-596E78D1CBBE}"
EndProject
Project("{FAE04EC0-301F-11D3-BF4B-00C04F79EFBC}") = "ShapesRuntime", "ShapesRuntime.Player.csproj", "{3FE011B1-EEC1-AFE5-398C-48CF77056EF4}"
EndProject
Project("{FAE04EC0-301F-11D3-BF4B-00C04F79EFBC}") = "ShapesSamples", "ShapesSamples.Player.csproj", "{D7F92DEA-F51C-0D8B-6826-4EC82BCCC66C}"
EndProject
Project("{FAE04EC0-301F-11D3-BF4B-00C04F79EFBC}") = "Unity.XR.Interaction.Toolkit.Samples.StarterAssets", "Unity.XR.Interaction.Toolkit.Samples.StarterAssets.Player.csproj", "{B27FBF46-FD54-39B9-ADC9-08D97D878252}"
EndProject
Project("{FAE04EC0-301F-11D3-BF4B-00C04F79EFBC}") = "Assembly-CSharp", "Assembly-CSharp.Player.csproj", "{B9A05D47-BCB3-D856-4586-E19F597FE52C}"
EndProject
Project("{FAE04EC0-301F-11D3-BF4B-00C04F79EFBC}") = "TobiiXRSDK", "TobiiXRSDK.Player.csproj", "{1F23262B-854B-7EC5-FC30-01370ECB1B76}"
EndProject
Project("{FAE04EC0-301F-11D3-BF4B-00C04F79EFBC}") = "TobiiXRCore", "TobiiXRCore.Player.csproj", "{2D92DE68-9961-2605-7BB7-985C9D36B507}"
EndProject
Project("{FAE04EC0-301F-11D3-BF4B-00C04F79EFBC}") = "TobiiXRDevTools", "TobiiXRDevTools.Player.csproj", "{9E039233-0598-310D-CB10-852266338CF4}"
EndProject
Project("{FAE04EC0-301F-11D3-BF4B-00C04F79EFBC}") = "TobiiXRG2OM", "TobiiXRG2OM.Player.csproj", "{81603B56-E543-193E-2D30-73C3211C276D}"
EndProject
Project("{FAE04EC0-301F-11D3-BF4B-00C04F79EFBC}") = "PICO.Platform", "PICO.Platform.Player.csproj", "{F76F3EF9-27FE-F8D4-7E85-921F82F34B96}"
EndProject
Project("{FAE04EC0-301F-11D3-BF4B-00C04F79EFBC}") = "Unity.XR.PICO", "Unity.XR.PICO.Player.csproj", "{086E5DE6-02DE-F524-E1EB-68FA48170545}"
EndProject
Project("{FAE04EC0-301F-11D3-BF4B-00C04F79EFBC}") = "PICO.TobSupport", "PICO.TobSupport.Player.csproj", "{051D86A9-7586-5D47-EF39-1890565A46C8}"
EndProject
Project("{FAE04EC0-301F-11D3-BF4B-00C04F79EFBC}") = "Pico.Spatializer", "Pico.Spatializer.Player.csproj", "{C8BC4C87-C742-562E-58D6-1404AD52AD71}"
EndProject
Project("{FAE04EC0-301F-11D3-BF4B-00C04F79EFBC}") = "Pico.Spatializer.Example", "Pico.Spatializer.Example.Player.csproj", "{0C051D09-1BD6-265D-A920-7DCA79BA34CF}"
EndProject
Global
	GlobalSection(SolutionConfigurationPlatforms) = preSolution
		Debug|Any CPU = Debug|Any CPU
		Release|Any CPU = Release|Any CPU
	EndGlobalSection
	GlobalSection(ProjectConfigurationPlatforms) = postSolution
		{54A4571A-59E3-5F09-7BA9-D1F84EED5709}.Debug|Any CPU.ActiveCfg = Debug|Any CPU
		{54A4571A-59E3-5F09-7BA9-D1F84EED5709}.Debug|Any CPU.Build.0 = Debug|Any CPU
		{54A4571A-59E3-5F09-7BA9-D1F84EED5709}.Release|Any CPU.ActiveCfg = Release|Any CPU
		{54A4571A-59E3-5F09-7BA9-D1F84EED5709}.Release|Any CPU.Build.0 = Release|Any CPU
		{5D317176-8AAF-7DDE-744C-DDA4E0197380}.Debug|Any CPU.ActiveCfg = Debug|Any CPU
		{5D317176-8AAF-7DDE-744C-DDA4E0197380}.Debug|Any CPU.Build.0 = Debug|Any CPU
		{5D317176-8AAF-7DDE-744C-DDA4E0197380}.Release|Any CPU.ActiveCfg = Release|Any CPU
		{5D317176-8AAF-7DDE-744C-DDA4E0197380}.Release|Any CPU.Build.0 = Release|Any CPU
		{0CAA7C71-5BD0-CDC2-AABF-A2CA79353472}.Debug|Any CPU.ActiveCfg = Debug|Any CPU
		{0CAA7C71-5BD0-CDC2-AABF-A2CA79353472}.Debug|Any CPU.Build.0 = Debug|Any CPU
		{0CAA7C71-5BD0-CDC2-AABF-A2CA79353472}.Release|Any CPU.ActiveCfg = Release|Any CPU
		{0CAA7C71-5BD0-CDC2-AABF-A2CA79353472}.Release|Any CPU.Build.0 = Release|Any CPU
		{DEE51C56-D0BB-4FE1-A2F7-3D9E45405AA6}.Debug|Any CPU.ActiveCfg = Debug|Any CPU
		{DEE51C56-D0BB-4FE1-A2F7-3D9E45405AA6}.Debug|Any CPU.Build.0 = Debug|Any CPU
		{DEE51C56-D0BB-4FE1-A2F7-3D9E45405AA6}.Release|Any CPU.ActiveCfg = Release|Any CPU
		{DEE51C56-D0BB-4FE1-A2F7-3D9E45405AA6}.Release|Any CPU.Build.0 = Release|Any CPU
		{46237153-D1C8-F791-9B3E-34401415CE10}.Debug|Any CPU.ActiveCfg = Debug|Any CPU
		{46237153-D1C8-F791-9B3E-34401415CE10}.Debug|Any CPU.Build.0 = Debug|Any CPU
		{46237153-D1C8-F791-9B3E-34401415CE10}.Release|Any CPU.ActiveCfg = Release|Any CPU
		{46237153-D1C8-F791-9B3E-34401415CE10}.Release|Any CPU.Build.0 = Release|Any CPU
		{99714E04-1615-27F1-1F87-0DE04CE40B77}.Debug|Any CPU.ActiveCfg = Debug|Any CPU
		{99714E04-1615-27F1-1F87-0DE04CE40B77}.Debug|Any CPU.Build.0 = Debug|Any CPU
		{99714E04-1615-27F1-1F87-0DE04CE40B77}.Release|Any CPU.ActiveCfg = Release|Any CPU
		{99714E04-1615-27F1-1F87-0DE04CE40B77}.Release|Any CPU.Build.0 = Release|Any CPU
		{F0A71E11-EB7F-8834-BE5B-D9A4D77AAD3F}.Debug|Any CPU.ActiveCfg = Debug|Any CPU
		{F0A71E11-EB7F-8834-BE5B-D9A4D77AAD3F}.Debug|Any CPU.Build.0 = Debug|Any CPU
		{F0A71E11-EB7F-8834-BE5B-D9A4D77AAD3F}.Release|Any CPU.ActiveCfg = Release|Any CPU
		{F0A71E11-EB7F-8834-BE5B-D9A4D77AAD3F}.Release|Any CPU.Build.0 = Release|Any CPU
		{5B767A63-EF67-6880-AF59-533C4E660287}.Debug|Any CPU.ActiveCfg = Debug|Any CPU
		{5B767A63-EF67-6880-AF59-533C4E660287}.Debug|Any CPU.Build.0 = Debug|Any CPU
		{5B767A63-EF67-6880-AF59-533C4E660287}.Release|Any CPU.ActiveCfg = Release|Any CPU
		{5B767A63-EF67-6880-AF59-533C4E660287}.Release|Any CPU.Build.0 = Release|Any CPU
		{B6E433A9-4773-241B-5E8D-2825E26947D1}.Debug|Any CPU.ActiveCfg = Debug|Any CPU
		{B6E433A9-4773-241B-5E8D-2825E26947D1}.Debug|Any CPU.Build.0 = Debug|Any CPU
		{B6E433A9-4773-241B-5E8D-2825E26947D1}.Release|Any CPU.ActiveCfg = Release|Any CPU
		{B6E433A9-4773-241B-5E8D-2825E26947D1}.Release|Any CPU.Build.0 = Release|Any CPU
		{33506FC4-4F3A-CAEB-0D72-9A9B1250870E}.Debug|Any CPU.ActiveCfg = Debug|Any CPU
		{33506FC4-4F3A-CAEB-0D72-9A9B1250870E}.Debug|Any CPU.Build.0 = Debug|Any CPU
		{33506FC4-4F3A-CAEB-0D72-9A9B1250870E}.Release|Any CPU.ActiveCfg = Release|Any CPU
		{33506FC4-4F3A-CAEB-0D72-9A9B1250870E}.Release|Any CPU.Build.0 = Release|Any CPU
		{E8C1676A-79D2-4C78-5106-A3C508806473}.Debug|Any CPU.ActiveCfg = Debug|Any CPU
		{E8C1676A-79D2-4C78-5106-A3C508806473}.Debug|Any CPU.Build.0 = Debug|Any CPU
		{E8C1676A-79D2-4C78-5106-A3C508806473}.Release|Any CPU.ActiveCfg = Release|Any CPU
		{E8C1676A-79D2-4C78-5106-A3C508806473}.Release|Any CPU.Build.0 = Release|Any CPU
		{FE9168BC-25A7-22A5-9881-2E7E78396FF9}.Debug|Any CPU.ActiveCfg = Debug|Any CPU
		{FE9168BC-25A7-22A5-9881-2E7E78396FF9}.Debug|Any CPU.Build.0 = Debug|Any CPU
		{FE9168BC-25A7-22A5-9881-2E7E78396FF9}.Release|Any CPU.ActiveCfg = Release|Any CPU
		{FE9168BC-25A7-22A5-9881-2E7E78396FF9}.Release|Any CPU.Build.0 = Release|Any CPU
		{C90318E1-CE2F-EF7C-B365-57D38B3235B1}.Debug|Any CPU.ActiveCfg = Debug|Any CPU
		{C90318E1-CE2F-EF7C-B365-57D38B3235B1}.Debug|Any CPU.Build.0 = Debug|Any CPU
		{C90318E1-CE2F-EF7C-B365-57D38B3235B1}.Release|Any CPU.ActiveCfg = Release|Any CPU
		{C90318E1-CE2F-EF7C-B365-57D38B3235B1}.Release|Any CPU.Build.0 = Release|Any CPU
		{3A660B83-2912-18CD-9195-BA133B109097}.Debug|Any CPU.ActiveCfg = Debug|Any CPU
		{3A660B83-2912-18CD-9195-BA133B109097}.Debug|Any CPU.Build.0 = Debug|Any CPU
		{3A660B83-2912-18CD-9195-BA133B109097}.Release|Any CPU.ActiveCfg = Release|Any CPU
		{3A660B83-2912-18CD-9195-BA133B109097}.Release|Any CPU.Build.0 = Release|Any CPU
		{05FF1591-EB86-ACED-411D-377588F126E5}.Debug|Any CPU.ActiveCfg = Debug|Any CPU
		{05FF1591-EB86-ACED-411D-377588F126E5}.Debug|Any CPU.Build.0 = Debug|Any CPU
		{05FF1591-EB86-ACED-411D-377588F126E5}.Release|Any CPU.ActiveCfg = Release|Any CPU
		{05FF1591-EB86-ACED-411D-377588F126E5}.Release|Any CPU.Build.0 = Release|Any CPU
		{ED70898A-9D7D-FC69-55C8-66B559B9EB75}.Debug|Any CPU.ActiveCfg = Debug|Any CPU
		{ED70898A-9D7D-FC69-55C8-66B559B9EB75}.Debug|Any CPU.Build.0 = Debug|Any CPU
		{ED70898A-9D7D-FC69-55C8-66B559B9EB75}.Release|Any CPU.ActiveCfg = Release|Any CPU
		{ED70898A-9D7D-FC69-55C8-66B559B9EB75}.Release|Any CPU.Build.0 = Release|Any CPU
		{A52DA263-84A8-F08F-35B6-A0C6A811919C}.Debug|Any CPU.ActiveCfg = Debug|Any CPU
		{A52DA263-84A8-F08F-35B6-A0C6A811919C}.Debug|Any CPU.Build.0 = Debug|Any CPU
		{A52DA263-84A8-F08F-35B6-A0C6A811919C}.Release|Any CPU.ActiveCfg = Release|Any CPU
		{A52DA263-84A8-F08F-35B6-A0C6A811919C}.Release|Any CPU.Build.0 = Release|Any CPU
		{ABD90E1D-AD17-33A7-807C-0F41F2B6441B}.Debug|Any CPU.ActiveCfg = Debug|Any CPU
		{ABD90E1D-AD17-33A7-807C-0F41F2B6441B}.Debug|Any CPU.Build.0 = Debug|Any CPU
		{ABD90E1D-AD17-33A7-807C-0F41F2B6441B}.Release|Any CPU.ActiveCfg = Release|Any CPU
		{ABD90E1D-AD17-33A7-807C-0F41F2B6441B}.Release|Any CPU.Build.0 = Release|Any CPU
		{0A0E7488-6ED9-E1FB-8276-5A87B519F9A2}.Debug|Any CPU.ActiveCfg = Debug|Any CPU
		{0A0E7488-6ED9-E1FB-8276-5A87B519F9A2}.Debug|Any CPU.Build.0 = Debug|Any CPU
		{0A0E7488-6ED9-E1FB-8276-5A87B519F9A2}.Release|Any CPU.ActiveCfg = Release|Any CPU
		{0A0E7488-6ED9-E1FB-8276-5A87B519F9A2}.Release|Any CPU.Build.0 = Release|Any CPU
		{005FFBFB-92F2-BD1C-0F3B-77F23FA849B9}.Debug|Any CPU.ActiveCfg = Debug|Any CPU
		{005FFBFB-92F2-BD1C-0F3B-77F23FA849B9}.Debug|Any CPU.Build.0 = Debug|Any CPU
		{005FFBFB-92F2-BD1C-0F3B-77F23FA849B9}.Release|Any CPU.ActiveCfg = Release|Any CPU
		{005FFBFB-92F2-BD1C-0F3B-77F23FA849B9}.Release|Any CPU.Build.0 = Release|Any CPU
		{2BB4D7E3-7313-D347-1BBD-596E78D1CBBE}.Debug|Any CPU.ActiveCfg = Debug|Any CPU
		{2BB4D7E3-7313-D347-1BBD-596E78D1CBBE}.Debug|Any CPU.Build.0 = Debug|Any CPU
		{2BB4D7E3-7313-D347-1BBD-596E78D1CBBE}.Release|Any CPU.ActiveCfg = Release|Any CPU
		{2BB4D7E3-7313-D347-1BBD-596E78D1CBBE}.Release|Any CPU.Build.0 = Release|Any CPU
		{3FE011B1-EEC1-AFE5-398C-48CF77056EF4}.Debug|Any CPU.ActiveCfg = Debug|Any CPU
		{3FE011B1-EEC1-AFE5-398C-48CF77056EF4}.Debug|Any CPU.Build.0 = Debug|Any CPU
		{3FE011B1-EEC1-AFE5-398C-48CF77056EF4}.Release|Any CPU.ActiveCfg = Release|Any CPU
		{3FE011B1-EEC1-AFE5-398C-48CF77056EF4}.Release|Any CPU.Build.0 = Release|Any CPU
		{D7F92DEA-F51C-0D8B-6826-4EC82BCCC66C}.Debug|Any CPU.ActiveCfg = Debug|Any CPU
		{D7F92DEA-F51C-0D8B-6826-4EC82BCCC66C}.Debug|Any CPU.Build.0 = Debug|Any CPU
		{D7F92DEA-F51C-0D8B-6826-4EC82BCCC66C}.Release|Any CPU.ActiveCfg = Release|Any CPU
		{D7F92DEA-F51C-0D8B-6826-4EC82BCCC66C}.Release|Any CPU.Build.0 = Release|Any CPU
		{B27FBF46-FD54-39B9-ADC9-08D97D878252}.Debug|Any CPU.ActiveCfg = Debug|Any CPU
		{B27FBF46-FD54-39B9-ADC9-08D97D878252}.Debug|Any CPU.Build.0 = Debug|Any CPU
		{B27FBF46-FD54-39B9-ADC9-08D97D878252}.Release|Any CPU.ActiveCfg = Release|Any CPU
		{B27FBF46-FD54-39B9-ADC9-08D97D878252}.Release|Any CPU.Build.0 = Release|Any CPU
		{B9A05D47-BCB3-D856-4586-E19F597FE52C}.Debug|Any CPU.ActiveCfg = Debug|Any CPU
		{B9A05D47-BCB3-D856-4586-E19F597FE52C}.Debug|Any CPU.Build.0 = Debug|Any CPU
		{B9A05D47-BCB3-D856-4586-E19F597FE52C}.Release|Any CPU.ActiveCfg = Release|Any CPU
		{B9A05D47-BCB3-D856-4586-E19F597FE52C}.Release|Any CPU.Build.0 = Release|Any CPU
		{1F23262B-854B-7EC5-FC30-01370ECB1B76}.Debug|Any CPU.ActiveCfg = Debug|Any CPU
		{1F23262B-854B-7EC5-FC30-01370ECB1B76}.Debug|Any CPU.Build.0 = Debug|Any CPU
		{1F23262B-854B-7EC5-FC30-01370ECB1B76}.Release|Any CPU.ActiveCfg = Release|Any CPU
		{1F23262B-854B-7EC5-FC30-01370ECB1B76}.Release|Any CPU.Build.0 = Release|Any CPU
		{2D92DE68-9961-2605-7BB7-985C9D36B507}.Debug|Any CPU.ActiveCfg = Debug|Any CPU
		{2D92DE68-9961-2605-7BB7-985C9D36B507}.Debug|Any CPU.Build.0 = Debug|Any CPU
		{2D92DE68-9961-2605-7BB7-985C9D36B507}.Release|Any CPU.ActiveCfg = Release|Any CPU
		{2D92DE68-9961-2605-7BB7-985C9D36B507}.Release|Any CPU.Build.0 = Release|Any CPU
		{9E039233-0598-310D-CB10-852266338CF4}.Debug|Any CPU.ActiveCfg = Debug|Any CPU
		{9E039233-0598-310D-CB10-852266338CF4}.Debug|Any CPU.Build.0 = Debug|Any CPU
		{9E039233-0598-310D-CB10-852266338CF4}.Release|Any CPU.ActiveCfg = Release|Any CPU
		{9E039233-0598-310D-CB10-852266338CF4}.Release|Any CPU.Build.0 = Release|Any CPU
		{81603B56-E543-193E-2D30-73C3211C276D}.Debug|Any CPU.ActiveCfg = Debug|Any CPU
		{81603B56-E543-193E-2D30-73C3211C276D}.Debug|Any CPU.Build.0 = Debug|Any CPU
		{81603B56-E543-193E-2D30-73C3211C276D}.Release|Any CPU.ActiveCfg = Release|Any CPU
		{81603B56-E543-193E-2D30-73C3211C276D}.Release|Any CPU.Build.0 = Release|Any CPU
		{F76F3EF9-27FE-F8D4-7E85-921F82F34B96}.Debug|Any CPU.ActiveCfg = Debug|Any CPU
		{F76F3EF9-27FE-F8D4-7E85-921F82F34B96}.Debug|Any CPU.Build.0 = Debug|Any CPU
		{F76F3EF9-27FE-F8D4-7E85-921F82F34B96}.Release|Any CPU.ActiveCfg = Release|Any CPU
		{F76F3EF9-27FE-F8D4-7E85-921F82F34B96}.Release|Any CPU.Build.0 = Release|Any CPU
		{086E5DE6-02DE-F524-E1EB-68FA48170545}.Debug|Any CPU.ActiveCfg = Debug|Any CPU
		{086E5DE6-02DE-F524-E1EB-68FA48170545}.Debug|Any CPU.Build.0 = Debug|Any CPU
		{086E5DE6-02DE-F524-E1EB-68FA48170545}.Release|Any CPU.ActiveCfg = Release|Any CPU
		{086E5DE6-02DE-F524-E1EB-68FA48170545}.Release|Any CPU.Build.0 = Release|Any CPU
		{051D86A9-7586-5D47-EF39-1890565A46C8}.Debug|Any CPU.ActiveCfg = Debug|Any CPU
		{051D86A9-7586-5D47-EF39-1890565A46C8}.Debug|Any CPU.Build.0 = Debug|Any CPU
		{051D86A9-7586-5D47-EF39-1890565A46C8}.Release|Any CPU.ActiveCfg = Release|Any CPU
		{051D86A9-7586-5D47-EF39-1890565A46C8}.Release|Any CPU.Build.0 = Release|Any CPU
		{C8BC4C87-C742-562E-58D6-1404AD52AD71}.Debug|Any CPU.ActiveCfg = Debug|Any CPU
		{C8BC4C87-C742-562E-58D6-1404AD52AD71}.Debug|Any CPU.Build.0 = Debug|Any CPU
		{C8BC4C87-C742-562E-58D6-1404AD52AD71}.Release|Any CPU.ActiveCfg = Release|Any CPU
		{C8BC4C87-C742-562E-58D6-1404AD52AD71}.Release|Any CPU.Build.0 = Release|Any CPU
		{0C051D09-1BD6-265D-A920-7DCA79BA34CF}.Debug|Any CPU.ActiveCfg = Debug|Any CPU
		{0C051D09-1BD6-265D-A920-7DCA79BA34CF}.Debug|Any CPU.Build.0 = Debug|Any CPU
		{0C051D09-1BD6-265D-A920-7DCA79BA34CF}.Release|Any CPU.ActiveCfg = Release|Any CPU
		{0C051D09-1BD6-265D-A920-7DCA79BA34CF}.Release|Any CPU.Build.0 = Release|Any CPU
	EndGlobalSection
	GlobalSection(SolutionProperties) = preSolution
		HideSolutionNode = FALSE
	EndGlobalSection
EndGlobal
